
Microsoft Visual Studio Solution File, Format Version 12.00
Project("{FAE04EC0-301F-11D3-BF4B-00C04F79EFBC}") = "paperlessDocumentProcessor", "paperlessDocumentProcessor\paperlessDocumentProcessor.csproj", "{E65783C4-8E82-49D3-8043-47C34B680EC2}"
EndProject
Project("{2150E333-8FDC-42A3-9474-1A3956D46DE8}") = "Solution Items", "Solution Items", "{8C79619B-D7DE-49CE-A89C-86501DA451F0}"
EndProject
Project("{FAE04EC0-301F-11D3-BF4B-00C04F79EFBC}") = "paperlessDocumentProcessor.Tests", "paperlessDocumentProcessor.Tests\paperlessDocumentProcessor.Tests.csproj", "{2D8EF9D5-E63C-40E7-8E7E-BD632E14E8B8}"
EndProject
Global
	GlobalSection(SolutionConfigurationPlatforms) = preSolution
		Debug|Any CPU = Debug|Any CPU
		Release|Any CPU = Release|Any CPU
	EndGlobalSection
	GlobalSection(ProjectConfigurationPlatforms) = postSolution
		{E65783C4-8E82-49D3-8043-47C34B680EC2}.Debug|Any CPU.ActiveCfg = Debug|Any CPU
		{E65783C4-8E82-49D3-8043-47C34B680EC2}.Debug|Any CPU.Build.0 = Debug|Any CPU
		{E65783C4-8E82-49D3-8043-47C34B680EC2}.Release|Any CPU.ActiveCfg = Release|Any CPU
		{E65783C4-8E82-49D3-8043-47C34B680EC2}.Release|Any CPU.Build.0 = Release|Any CPU
		{2D8EF9D5-E63C-40E7-8E7E-BD632E14E8B8}.Debug|Any CPU.ActiveCfg = Debug|Any CPU
		{2D8EF9D5-E63C-40E7-8E7E-BD632E14E8B8}.Debug|Any CPU.Build.0 = Debug|Any CPU
		{2D8EF9D5-E63C-40E7-8E7E-BD632E14E8B8}.Release|Any CPU.ActiveCfg = Release|Any CPU
		{2D8EF9D5-E63C-40E7-8E7E-BD632E14E8B8}.Release|Any CPU.Build.0 = Release|Any CPU
	EndGlobalSection
EndGlobal
